// !$*UTF8*$!
{
	archiveVersion = 1;
	classes = {
	};
	objectVersion = 54;
	objects = {

/* Begin PBXBuildFile section */
		3B7DE6322538E4E7009E2749 /* Main.storyboard in Resources */ = {isa = PBXBuildFile; fileRef = 3B7DE6302538E4E7009E2749 /* Main.storyboard */; };
		3B7DE6342538E4E7009E2749 /* Assets.xcassets in Resources */ = {isa = PBXBuildFile; fileRef = 3B7DE6332538E4E7009E2749 /* Assets.xcassets */; };
		3B7DE6372538E4E7009E2749 /* LaunchScreen.storyboard in Resources */ = {isa = PBXBuildFile; fileRef = 3B7DE6352538E4E7009E2749 /* LaunchScreen.storyboard */; };
		3BE7B293254DF79E0005D2BA /* ColorEditorViewController.swift in Sources */ = {isa = PBXBuildFile; fileRef = 3B7DE62E2538E4E7009E2749 /* ColorEditorViewController.swift */; };
		3BE7B294254DF7A60005D2BA /* AppDelegate.swift in Sources */ = {isa = PBXBuildFile; fileRef = 3B7DE62A2538E4E7009E2749 /* AppDelegate.swift */; };
		3BE7B295254DF7AD0005D2BA /* ColorResultViewController.swift in Sources */ = {isa = PBXBuildFile; fileRef = 3BED02E2254D58B100A85BBF /* ColorResultViewController.swift */; };
		3BE7B296254DF7B30005D2BA /* SceneDelegate.swift in Sources */ = {isa = PBXBuildFile; fileRef = 3B7DE62C2538E4E7009E2749 /* SceneDelegate.swift */; };
/* End PBXBuildFile section */

/* Begin PBXFileReference section */
		3B7DE6272538E4E7009E2749 /* HomeWork2-2.app */ = {isa = PBXFileReference; explicitFileType = wrapper.application; includeInIndex = 0; path = "HomeWork2-2.app"; sourceTree = BUILT_PRODUCTS_DIR; };
		3B7DE62A2538E4E7009E2749 /* AppDelegate.swift */ = {isa = PBXFileReference; lastKnownFileType = sourcecode.swift; path = AppDelegate.swift; sourceTree = "<group>"; };
		3B7DE62C2538E4E7009E2749 /* SceneDelegate.swift */ = {isa = PBXFileReference; lastKnownFileType = sourcecode.swift; path = SceneDelegate.swift; sourceTree = "<group>"; };
		3B7DE62E2538E4E7009E2749 /* ColorEditorViewController.swift */ = {isa = PBXFileReference; lastKnownFileType = sourcecode.swift; path = ColorEditorViewController.swift; sourceTree = "<group>"; };
		3B7DE6312538E4E7009E2749 /* Base */ = {isa = PBXFileReference; lastKnownFileType = file.storyboard; name = Base; path = Base.lproj/Main.storyboard; sourceTree = "<group>"; };
		3B7DE6332538E4E7009E2749 /* Assets.xcassets */ = {isa = PBXFileReference; lastKnownFileType = folder.assetcatalog; path = Assets.xcassets; sourceTree = "<group>"; };
		3B7DE6362538E4E7009E2749 /* Base */ = {isa = PBXFileReference; lastKnownFileType = file.storyboard; name = Base; path = Base.lproj/LaunchScreen.storyboard; sourceTree = "<group>"; };
		3B7DE6382538E4E7009E2749 /* Info.plist */ = {isa = PBXFileReference; lastKnownFileType = text.plist.xml; path = Info.plist; sourceTree = "<group>"; };
		3BED02E2254D58B100A85BBF /* ColorResultViewController.swift */ = {isa = PBXFileReference; lastKnownFileType = sourcecode.swift; path = ColorResultViewController.swift; sourceTree = "<group>"; };
/* End PBXFileReference section */

/* Begin PBXFrameworksBuildPhase section */
		3B7DE6242538E4E7009E2749 /* Frameworks */ = {
			isa = PBXFrameworksBuildPhase;
			buildActionMask = 2147483647;
			files = (
			);
			runOnlyForDeploymentPostprocessing = 0;
		};
/* End PBXFrameworksBuildPhase section */

/* Begin PBXGroup section */
		3B7DE61E2538E4E7009E2749 = {
			isa = PBXGroup;
			children = (
				3B7DE6292538E4E7009E2749 /* HomeWork2-2 */,
				3B7DE6282538E4E7009E2749 /* Products */,
			);
			sourceTree = "<group>";
		};
		3B7DE6282538E4E7009E2749 /* Products */ = {
			isa = PBXGroup;
			children = (
				3B7DE6272538E4E7009E2749 /* HomeWork2-2.app */,
			);
			name = Products;
			sourceTree = "<group>";
		};
		3B7DE6292538E4E7009E2749 /* HomeWork2-2 */ = {
			isa = PBXGroup;
			children = (
				3BED02DC254D57F300A85BBF /* Supporting Files */,
				3BED02D9254D57B900A85BBF /* View Controllers */,
				3BED02DB254D57DC00A85BBF /* Storyboards */,
				3BED02DE254D57FE00A85BBF /* Resources */,
			);
			path = "HomeWork2-2";
			sourceTree = "<group>";
		};
		3BED02D9254D57B900A85BBF /* View Controllers */ = {
			isa = PBXGroup;
			children = (
				3B7DE62E2538E4E7009E2749 /* ColorEditorViewController.swift */,
				3BED02E2254D58B100A85BBF /* ColorResultViewController.swift */,
			);
			path = "View Controllers";
			sourceTree = "<group>";
		};
		3BED02DB254D57DC00A85BBF /* Storyboards */ = {
			isa = PBXGroup;
			children = (
				3B7DE6302538E4E7009E2749 /* Main.storyboard */,
				3B7DE6352538E4E7009E2749 /* LaunchScreen.storyboard */,
			);
			path = Storyboards;
			sourceTree = "<group>";
		};
		3BED02DC254D57F300A85BBF /* Supporting Files */ = {
			isa = PBXGroup;
			children = (
				3B7DE62A2538E4E7009E2749 /* AppDelegate.swift */,
				3B7DE62C2538E4E7009E2749 /* SceneDelegate.swift */,
				3B7DE6382538E4E7009E2749 /* Info.plist */,
			);
			path = "Supporting Files";
			sourceTree = "<group>";
		};
		3BED02DE254D57FE00A85BBF /* Resources */ = {
			isa = PBXGroup;
			children = (
				3B7DE6332538E4E7009E2749 /* Assets.xcassets */,
			);
			path = Resources;
			sourceTree = "<group>";
		};
/* End PBXGroup section */

/* Begin PBXNativeTarget section */
		3B7DE6262538E4E7009E2749 /* HomeWork2-2 */ = {
			isa = PBXNativeTarget;
			buildConfigurationList = 3B7DE63B2538E4E7009E2749 /* Build configuration list for PBXNativeTarget "HomeWork2-2" */;
			buildPhases = (
				3B7DE6232538E4E7009E2749 /* Sources */,
				3B7DE6242538E4E7009E2749 /* Frameworks */,
				3B7DE6252538E4E7009E2749 /* Resources */,
			);
			buildRules = (
			);
			dependencies = (
			);
			name = "HomeWork2-2";
			productName = "HomeWork2-6";
			productReference = 3B7DE6272538E4E7009E2749 /* HomeWork2-2.app */;
			productType = "com.apple.product-type.application";
		};
/* End PBXNativeTarget section */

/* Begin PBXProject section */
		3B7DE61F2538E4E7009E2749 /* Project object */ = {
			isa = PBXProject;
			attributes = {
				LastSwiftUpdateCheck = 1200;
				LastUpgradeCheck = 1200;
				TargetAttributes = {
					3B7DE6262538E4E7009E2749 = {
						CreatedOnToolsVersion = 12.0.1;
					};
				};
			};
			buildConfigurationList = 3B7DE6222538E4E7009E2749 /* Build configuration list for PBXProject "HomeWork2-2" */;
			compatibilityVersion = "Xcode 12.0";
			developmentRegion = en;
			hasScannedForEncodings = 0;
			knownRegions = (
				en,
				Base,
			);
			mainGroup = 3B7DE61E2538E4E7009E2749;
			productRefGroup = 3B7DE6282538E4E7009E2749 /* Products */;
			projectDirPath = "";
			projectRoot = "";
			targets = (
				3B7DE6262538E4E7009E2749 /* HomeWork2-2 */,
			);
		};
/* End PBXProject section */

/* Begin PBXResourcesBuildPhase section */
		3B7DE6252538E4E7009E2749 /* Resources */ = {
			isa = PBXResourcesBuildPhase;
			buildActionMask = 2147483647;
			files = (
				3B7DE6372538E4E7009E2749 /* LaunchScreen.storyboard in Resources */,
				3B7DE6342538E4E7009E2749 /* Assets.xcassets in Resources */,
				3B7DE6322538E4E7009E2749 /* Main.storyboard in Resources */,
			);
			runOnlyForDeploymentPostprocessing = 0;
		};
/* End PBXResourcesBuildPhase section */

/* Begin PBXSourcesBuildPhase section */
		3B7DE6232538E4E7009E2749 /* Sources */ = {
			isa = PBXSourcesBuildPhase;
			buildActionMask = 2147483647;
			files = (
				3BE7B296254DF7B30005D2BA /* SceneDelegate.swift in Sources */,
				3BE7B295254DF7AD0005D2BA /* ColorResultViewController.swift in Sources */,
				3BE7B294254DF7A60005D2BA /* AppDelegate.swift in Sources */,
				3BE7B293254DF79E0005D2BA /* ColorEditorViewController.swift in Sources */,
			);
			runOnlyForDeploymentPostprocessing = 0;
		};
/* End PBXSourcesBuildPhase section */

/* Begin PBXVariantGroup section */
		3B7DE6302538E4E7009E2749 /* Main.storyboard */ = {
			isa = PBXVariantGroup;
			children = (
				3B7DE6312538E4E7009E2749 /* Base */,
			);
			name = Main.storyboard;
			sourceTree = "<group>";
		};
		3B7DE6352538E4E7009E2749 /* LaunchScreen.storyboard */ = {
			isa = PBXVariantGroup;
			children = (
				3B7DE6362538E4E7009E2749 /* Base */,
			);
			name = LaunchScreen.storyboard;
			sourceTree = "<group>";
		};
/* End PBXVariantGroup section */

/* Begin XCBuildConfiguration section */
		3B7DE6392538E4E7009E2749 /* Debug */ = {
			isa = XCBuildConfiguration;
			buildSettings = {
				ALWAYS_SEARCH_USER_PATHS = NO;
				CLANG_ANALYZER_NONNULL = YES;
				CLANG_ANALYZER_NUMBER_OBJECT_CONVERSION = YES_AGGRESSIVE;
				CLANG_CXX_LANGUAGE_STANDARD = "gnu++14";
				CLANG_CXX_LIBRARY = "libc++";
				CLANG_ENABLE_MODULES = YES;
				CLANG_ENABLE_OBJC_ARC = YES;
				CLANG_ENABLE_OBJC_WEAK = YES;
				CLANG_WARN_BLOCK_CAPTURE_AUTORELEASING = YES;
				CLANG_WARN_BOOL_CONVERSION = YES;
				CLANG_WARN_COMMA = YES;
				CLANG_WARN_CONSTANT_CONVERSION = YES;
				CLANG_WARN_DEPRECATED_OBJC_IMPLEMENTATIONS = YES;
				CLANG_WARN_DIRECT_OBJC_ISA_USAGE = YES_ERROR;
				CLANG_WARN_DOCUMENTATION_COMMENTS = YES;
				CLANG_WARN_EMPTY_BODY = YES;
				CLANG_WARN_ENUM_CONVERSION = YES;
				CLANG_WARN_INFINITE_RECURSION = YES;
				CLANG_WARN_INT_CONVERSION = YES;
				CLANG_WARN_NON_LITERAL_NULL_CONVERSION = YES;
				CLANG_WARN_OBJC_IMPLICIT_RETAIN_SELF = YES;
				CLANG_WARN_OBJC_LITERAL_CONVERSION = YES;
				CLANG_WARN_OBJC_ROOT_CLASS = YES_ERROR;
				CLANG_WARN_QUOTED_INCLUDE_IN_FRAMEWORK_HEADER = YES;
				CLANG_WARN_RANGE_LOOP_ANALYSIS = YES;
				CLANG_WARN_STRICT_PROTOTYPES = YES;
				CLANG_WARN_SUSPICIOUS_MOVE = YES;
				CLANG_WARN_UNGUARDED_AVAILABILITY = YES_AGGRESSIVE;
				CLANG_WARN_UNREACHABLE_CODE = YES;
				CLANG_WARN__DUPLICATE_METHOD_MATCH = YES;
				COPY_PHASE_STRIP = NO;
				DEBUG_INFORMATION_FORMAT = dwarf;
				ENABLE_STRICT_OBJC_MSGSEND = YES;
				ENABLE_TESTABILITY = YES;
				GCC_C_LANGUAGE_STANDARD = gnu11;
				GCC_DYNAMIC_NO_PIC = NO;
				GCC_NO_COMMON_BLOCKS = YES;
				GCC_OPTIMIZATION_LEVEL = 0;
				GCC_PREPROCESSOR_DEFINITIONS = (
					"DEBUG=1",
					"$(inherited)",
				);
				GCC_WARN_64_TO_32_BIT_CONVERSION = YES;
				GCC_WARN_ABOUT_RETURN_TYPE = YES_ERROR;
				GCC_WARN_UNDECLARED_SELECTOR = YES;
				GCC_WARN_UNINITIALIZED_AUTOS = YES_AGGRESSIVE;
				GCC_WARN_UNUSED_FUNCTION = YES;
				GCC_WARN_UNUSED_VARIABLE = YES;
				IPHONEOS_DEPLOYMENT_TARGET = 14.0;
				MTL_ENABLE_DEBUG_INFO = INCLUDE_SOURCE;
				MTL_FAST_MATH = YES;
				ONLY_ACTIVE_ARCH = YES;
				SDKROOT = iphoneos;
				SWIFT_ACTIVE_COMPILATION_CONDITIONS = DEBUG;
				SWIFT_OPTIMIZATION_LEVEL = "-Onone";
			};
			name = Debug;
		};
		3B7DE63A2538E4E7009E2749 /* Release */ = {
			isa = XCBuildConfiguration;
			buildSettings = {
				ALWAYS_SEARCH_USER_PATHS = NO;
				CLANG_ANALYZER_NONNULL = YES;
				CLANG_ANALYZER_NUMBER_OBJECT_CONVERSION = YES_AGGRESSIVE;
				CLANG_CXX_LANGUAGE_STANDARD = "gnu++14";
				CLANG_CXX_LIBRARY = "libc++";
				CLANG_ENABLE_MODULES = YES;
				CLANG_ENABLE_OBJC_ARC = YES;
				CLANG_ENABLE_OBJC_WEAK = YES;
				CLANG_WARN_BLOCK_CAPTURE_AUTORELEASING = YES;
				CLANG_WARN_BOOL_CONVERSION = YES;
				CLANG_WARN_COMMA = YES;
				CLANG_WARN_CONSTANT_CONVERSION = YES;
				CLANG_WARN_DEPRECATED_OBJC_IMPLEMENTATIONS = YES;
				CLANG_WARN_DIRECT_OBJC_ISA_USAGE = YES_ERROR;
				CLANG_WARN_DOCUMENTATION_COMMENTS = YES;
				CLANG_WARN_EMPTY_BODY = YES;
				CLANG_WARN_ENUM_CONVERSION = YES;
				CLANG_WARN_INFINITE_RECURSION = YES;
				CLANG_WARN_INT_CONVERSION = YES;
				CLANG_WARN_NON_LITERAL_NULL_CONVERSION = YES;
				CLANG_WARN_OBJC_IMPLICIT_RETAIN_SELF = YES;
				CLANG_WARN_OBJC_LITERAL_CONVERSION = YES;
				CLANG_WARN_OBJC_ROOT_CLASS = YES_ERROR;
				CLANG_WARN_QUOTED_INCLUDE_IN_FRAMEWORK_HEADER = YES;
				CLANG_WARN_RANGE_LOOP_ANALYSIS = YES;
				CLANG_WARN_STRICT_PROTOTYPES = YES;
				CLANG_WARN_SUSPICIOUS_MOVE = YES;
				CLANG_WARN_UNGUARDED_AVAILABILITY = YES_AGGRESSIVE;
				CLANG_WARN_UNREACHABLE_CODE = YES;
				CLANG_WARN__DUPLICATE_METHOD_MATCH = YES;
				COPY_PHASE_STRIP = NO;
				DEBUG_INFORMATION_FORMAT = "dwarf-with-dsym";
				ENABLE_NS_ASSERTIONS = NO;
				ENABLE_STRICT_OBJC_MSGSEND = YES;
				GCC_C_LANGUAGE_STANDARD = gnu11;
				GCC_NO_COMMON_BLOCKS = YES;
				GCC_WARN_64_TO_32_BIT_CONVERSION = YES;
				GCC_WARN_ABOUT_RETURN_TYPE = YES_ERROR;
				GCC_WARN_UNDECLARED_SELECTOR = YES;
				GCC_WARN_UNINITIALIZED_AUTOS = YES_AGGRESSIVE;
				GCC_WARN_UNUSED_FUNCTION = YES;
				GCC_WARN_UNUSED_VARIABLE = YES;
				IPHONEOS_DEPLOYMENT_TARGET = 14.0;
				MTL_ENABLE_DEBUG_INFO = NO;
				MTL_FAST_MATH = YES;
				SDKROOT = iphoneos;
				SWIFT_COMPILATION_MODE = wholemodule;
				SWIFT_OPTIMIZATION_LEVEL = "-O";
				VALIDATE_PRODUCT = YES;
			};
			name = Release;
		};
		3B7DE63C2538E4E7009E2749 /* Debug */ = {
			isa = XCBuildConfiguration;
			buildSettings = {
				ASSETCATALOG_COMPILER_GLOBAL_ACCENT_COLOR_NAME = AccentColor;
				CODE_SIGN_STYLE = Automatic;
				INFOPLIST_FILE = "HomeWork2-2/Supporting Files/Info.plist";
				"INFOPLIST_FILE[sdk=*]" = "HomeWork2-2/Supporting Files/Info.plist";
				LD_RUNPATH_SEARCH_PATHS = (
					"$(inherited)",
					"@executable_path/Frameworks",
				);
				PRODUCT_BUNDLE_IDENTIFIER = "ru.dmitry.HomeWork2-2";
				PRODUCT_NAME = "$(TARGET_NAME)";
				SWIFT_VERSION = 5.0;
				TARGETED_DEVICE_FAMILY = 1;
			};
			name = Debug;
		};
		3B7DE63D2538E4E7009E2749 /* Release */ = {
			isa = XCBuildConfiguration;
			buildSettings = {
				ASSETCATALOG_COMPILER_GLOBAL_ACCENT_COLOR_NAME = AccentColor;
				CODE_SIGN_STYLE = Automatic;
				INFOPLIST_FILE = "HomeWork2-2/Supporting Files/Info.plist";
				"INFOPLIST_FILE[sdk=*]" = "HomeWork2-2/Supporting Files/Info.plist";
				LD_RUNPATH_SEARCH_PATHS = (
					"$(inherited)",
					"@executable_path/Frameworks",
				);
				PRODUCT_BUNDLE_IDENTIFIER = "ru.dmitry.HomeWork2-2";
				PRODUCT_NAME = "$(TARGET_NAME)";
				SWIFT_VERSION = 5.0;
				TARGETED_DEVICE_FAMILY = 1;
			};
			name = Release;
		};
/* End XCBuildConfiguration section */

/* Begin XCConfigurationList section */
		3B7DE6222538E4E7009E2749 /* Build configuration list for PBXProject "HomeWork2-2" */ = {
			isa = XCConfigurationList;
			buildConfigurations = (
				3B7DE6392538E4E7009E2749 /* Debug */,
				3B7DE63A2538E4E7009E2749 /* Release */,
			);
			defaultConfigurationIsVisible = 0;
			defaultConfigurationName = Release;
		};
		3B7DE63B2538E4E7009E2749 /* Build configuration list for PBXNativeTarget "HomeWork2-2" */ = {
			isa = XCConfigurationList;
			buildConfigurations = (
				3B7DE63C2538E4E7009E2749 /* Debug */,
				3B7DE63D2538E4E7009E2749 /* Release */,
			);
			defaultConfigurationIsVisible = 0;
			defaultConfigurationName = Release;
		};
/* End XCConfigurationList section */
	};
	rootObject = 3B7DE61F2538E4E7009E2749 /* Project object */;
}
